// !$*UTF8*$!
{
	archiveVersion = 1;
	classes = {
	};
	objectVersion = 55;
	objects = {

/* Begin PBXBuildFile section */
		D2E86406278390A800FE0CAE /* ContentView.swift in Sources */ = {isa = PBXBuildFile; fileRef = D2E86405278390A800FE0CAE /* ContentView.swift */; };
		D2E86408278390A900FE0CAE /* Assets.xcassets in Resources */ = {isa = PBXBuildFile; fileRef = D2E86407278390A900FE0CAE /* Assets.xcassets */; };
		D2E8640B278390A900FE0CAE /* Preview Assets.xcassets in Resources */ = {isa = PBXBuildFile; fileRef = D2E8640A278390A900FE0CAE /* Preview Assets.xcassets */; };
		D2E86415278390A900FE0CAE /* EventAggregatorTests.swift in Sources */ = {isa = PBXBuildFile; fileRef = D2E86414278390A900FE0CAE /* EventAggregatorTests.swift */; };
		D2E8641F278390A900FE0CAE /* EventAggregatorUITests.swift in Sources */ = {isa = PBXBuildFile; fileRef = D2E8641E278390A900FE0CAE /* EventAggregatorUITests.swift */; };
		D2E86421278390A900FE0CAE /* EventAggregatorUITestsLaunchTests.swift in Sources */ = {isa = PBXBuildFile; fileRef = D2E86420278390A900FE0CAE /* EventAggregatorUITestsLaunchTests.swift */; };
		D2E864312783913400FE0CAE /* DependencyView.swift in Sources */ = {isa = PBXBuildFile; fileRef = D2E8642D2783913400FE0CAE /* DependencyView.swift */; };
		D2E864322783913400FE0CAE /* EventAggregator.swift in Sources */ = {isa = PBXBuildFile; fileRef = D2E8642E2783913400FE0CAE /* EventAggregator.swift */; };
		D2E864332783913400FE0CAE /* PEventAggregator.swift in Sources */ = {isa = PBXBuildFile; fileRef = D2E8642F2783913400FE0CAE /* PEventAggregator.swift */; };
		D2E864362783AADF00FE0CAE /* EventAggregatorApp.swift in Sources */ = {isa = PBXBuildFile; fileRef = D2E864352783AADF00FE0CAE /* EventAggregatorApp.swift */; };
		D2E864382783B17800FE0CAE /* AppContext.swift in Sources */ = {isa = PBXBuildFile; fileRef = D2E864372783B17800FE0CAE /* AppContext.swift */; };
		D2E8643A2783B3CA00FE0CAE /* PublishingView.swift in Sources */ = {isa = PBXBuildFile; fileRef = D2E864392783B3CA00FE0CAE /* PublishingView.swift */; };
		D2E8643C2783B3DD00FE0CAE /* SubscribingView.swift in Sources */ = {isa = PBXBuildFile; fileRef = D2E8643B2783B3DD00FE0CAE /* SubscribingView.swift */; };
		D2E8643E2783B6A100FE0CAE /* CounterAction.swift in Sources */ = {isa = PBXBuildFile; fileRef = D2E8643D2783B6A100FE0CAE /* CounterAction.swift */; };
/* End PBXBuildFile section */

/* Begin PBXContainerItemProxy section */
		D2E86411278390A900FE0CAE /* PBXContainerItemProxy */ = {
			isa = PBXContainerItemProxy;
			containerPortal = D2E863F8278390A800FE0CAE /* Project object */;
			proxyType = 1;
			remoteGlobalIDString = D2E863FF278390A800FE0CAE;
			remoteInfo = EventAggregator;
		};
		D2E8641B278390A900FE0CAE /* PBXContainerItemProxy */ = {
			isa = PBXContainerItemProxy;
			containerPortal = D2E863F8278390A800FE0CAE /* Project object */;
			proxyType = 1;
			remoteGlobalIDString = D2E863FF278390A800FE0CAE;
			remoteInfo = EventAggregator;
		};
/* End PBXContainerItemProxy section */

/* Begin PBXFileReference section */
		D2E86400278390A800FE0CAE /* EventAggregator.app */ = {isa = PBXFileReference; explicitFileType = wrapper.application; includeInIndex = 0; path = EventAggregator.app; sourceTree = BUILT_PRODUCTS_DIR; };
		D2E86405278390A800FE0CAE /* ContentView.swift */ = {isa = PBXFileReference; lastKnownFileType = sourcecode.swift; path = ContentView.swift; sourceTree = "<group>"; };
		D2E86407278390A900FE0CAE /* Assets.xcassets */ = {isa = PBXFileReference; lastKnownFileType = folder.assetcatalog; path = Assets.xcassets; sourceTree = "<group>"; };
		D2E8640A278390A900FE0CAE /* Preview Assets.xcassets */ = {isa = PBXFileReference; lastKnownFileType = folder.assetcatalog; path = "Preview Assets.xcassets"; sourceTree = "<group>"; };
		D2E86410278390A900FE0CAE /* EventAggregatorTests.xctest */ = {isa = PBXFileReference; explicitFileType = wrapper.cfbundle; includeInIndex = 0; path = EventAggregatorTests.xctest; sourceTree = BUILT_PRODUCTS_DIR; };
		D2E86414278390A900FE0CAE /* EventAggregatorTests.swift */ = {isa = PBXFileReference; lastKnownFileType = sourcecode.swift; path = EventAggregatorTests.swift; sourceTree = "<group>"; };
		D2E8641A278390A900FE0CAE /* EventAggregatorUITests.xctest */ = {isa = PBXFileReference; explicitFileType = wrapper.cfbundle; includeInIndex = 0; path = EventAggregatorUITests.xctest; sourceTree = BUILT_PRODUCTS_DIR; };
		D2E8641E278390A900FE0CAE /* EventAggregatorUITests.swift */ = {isa = PBXFileReference; lastKnownFileType = sourcecode.swift; path = EventAggregatorUITests.swift; sourceTree = "<group>"; };
		D2E86420278390A900FE0CAE /* EventAggregatorUITestsLaunchTests.swift */ = {isa = PBXFileReference; lastKnownFileType = sourcecode.swift; path = EventAggregatorUITestsLaunchTests.swift; sourceTree = "<group>"; };
		D2E8642D2783913400FE0CAE /* DependencyView.swift */ = {isa = PBXFileReference; fileEncoding = 4; lastKnownFileType = sourcecode.swift; path = DependencyView.swift; sourceTree = "<group>"; };
		D2E8642E2783913400FE0CAE /* EventAggregator.swift */ = {isa = PBXFileReference; fileEncoding = 4; lastKnownFileType = sourcecode.swift; path = EventAggregator.swift; sourceTree = "<group>"; };
		D2E8642F2783913400FE0CAE /* PEventAggregator.swift */ = {isa = PBXFileReference; fileEncoding = 4; lastKnownFileType = sourcecode.swift; path = PEventAggregator.swift; sourceTree = "<group>"; };
		D2E864352783AADF00FE0CAE /* EventAggregatorApp.swift */ = {isa = PBXFileReference; lastKnownFileType = sourcecode.swift; path = EventAggregatorApp.swift; sourceTree = "<group>"; };
		D2E864372783B17800FE0CAE /* AppContext.swift */ = {isa = PBXFileReference; lastKnownFileType = sourcecode.swift; path = AppContext.swift; sourceTree = "<group>"; };
		D2E864392783B3CA00FE0CAE /* PublishingView.swift */ = {isa = PBXFileReference; lastKnownFileType = sourcecode.swift; path = PublishingView.swift; sourceTree = "<group>"; };
		D2E8643B2783B3DD00FE0CAE /* SubscribingView.swift */ = {isa = PBXFileReference; lastKnownFileType = sourcecode.swift; path = SubscribingView.swift; sourceTree = "<group>"; };
		D2E8643D2783B6A100FE0CAE /* CounterAction.swift */ = {isa = PBXFileReference; lastKnownFileType = sourcecode.swift; path = CounterAction.swift; sourceTree = "<group>"; };
/* End PBXFileReference section */

/* Begin PBXFrameworksBuildPhase section */
		D2E863FD278390A800FE0CAE /* Frameworks */ = {
			isa = PBXFrameworksBuildPhase;
			buildActionMask = 2147483647;
			files = (
			);
			runOnlyForDeploymentPostprocessing = 0;
		};
		D2E8640D278390A900FE0CAE /* Frameworks */ = {
			isa = PBXFrameworksBuildPhase;
			buildActionMask = 2147483647;
			files = (
			);
			runOnlyForDeploymentPostprocessing = 0;
		};
		D2E86417278390A900FE0CAE /* Frameworks */ = {
			isa = PBXFrameworksBuildPhase;
			buildActionMask = 2147483647;
			files = (
			);
			runOnlyForDeploymentPostprocessing = 0;
		};
/* End PBXFrameworksBuildPhase section */

/* Begin PBXGroup section */
		D2E863F7278390A800FE0CAE = {
			isa = PBXGroup;
			children = (
				D2E86402278390A800FE0CAE /* EventAggregator */,
				D2E86413278390A900FE0CAE /* EventAggregatorTests */,
				D2E8641D278390A900FE0CAE /* EventAggregatorUITests */,
				D2E86401278390A800FE0CAE /* Products */,
			);
			sourceTree = "<group>";
		};
		D2E86401278390A800FE0CAE /* Products */ = {
			isa = PBXGroup;
			children = (
				D2E86400278390A800FE0CAE /* EventAggregator.app */,
				D2E86410278390A900FE0CAE /* EventAggregatorTests.xctest */,
				D2E8641A278390A900FE0CAE /* EventAggregatorUITests.xctest */,
			);
			name = Products;
			sourceTree = "<group>";
		};
		D2E86402278390A800FE0CAE /* EventAggregator */ = {
			isa = PBXGroup;
			children = (
				D2E864372783B17800FE0CAE /* AppContext.swift */,
				D2E8642D2783913400FE0CAE /* DependencyView.swift */,
				D2E8642E2783913400FE0CAE /* EventAggregator.swift */,
				D2E864352783AADF00FE0CAE /* EventAggregatorApp.swift */,
				D2E8642F2783913400FE0CAE /* PEventAggregator.swift */,
				D2E86405278390A800FE0CAE /* ContentView.swift */,
				D2E86407278390A900FE0CAE /* Assets.xcassets */,
				D2E86409278390A900FE0CAE /* Preview Content */,
				D2E864392783B3CA00FE0CAE /* PublishingView.swift */,
				D2E8643B2783B3DD00FE0CAE /* SubscribingView.swift */,
				D2E8643D2783B6A100FE0CAE /* CounterAction.swift */,
			);
			path = EventAggregator;
			sourceTree = "<group>";
		};
		D2E86409278390A900FE0CAE /* Preview Content */ = {
			isa = PBXGroup;
			children = (
				D2E8640A278390A900FE0CAE /* Preview Assets.xcassets */,
			);
			path = "Preview Content";
			sourceTree = "<group>";
		};
		D2E86413278390A900FE0CAE /* EventAggregatorTests */ = {
			isa = PBXGroup;
			children = (
				D2E86414278390A900FE0CAE /* EventAggregatorTests.swift */,
			);
			path = EventAggregatorTests;
			sourceTree = "<group>";
		};
		D2E8641D278390A900FE0CAE /* EventAggregatorUITests */ = {
			isa = PBXGroup;
			children = (
				D2E8641E278390A900FE0CAE /* EventAggregatorUITests.swift */,
				D2E86420278390A900FE0CAE /* EventAggregatorUITestsLaunchTests.swift */,
			);
			path = EventAggregatorUITests;
			sourceTree = "<group>";
		};
/* End PBXGroup section */

/* Begin PBXNativeTarget section */
		D2E863FF278390A800FE0CAE /* EventAggregator */ = {
			isa = PBXNativeTarget;
			buildConfigurationList = D2E86424278390A900FE0CAE /* Build configuration list for PBXNativeTarget "EventAggregator" */;
			buildPhases = (
				D2E863FC278390A800FE0CAE /* Sources */,
				D2E863FD278390A800FE0CAE /* Frameworks */,
				D2E863FE278390A800FE0CAE /* Resources */,
			);
			buildRules = (
			);
			dependencies = (
			);
			name = EventAggregator;
			productName = EventAggregator;
			productReference = D2E86400278390A800FE0CAE /* EventAggregator.app */;
			productType = "com.apple.product-type.application";
		};
		D2E8640F278390A900FE0CAE /* EventAggregatorTests */ = {
			isa = PBXNativeTarget;
			buildConfigurationList = D2E86427278390A900FE0CAE /* Build configuration list for PBXNativeTarget "EventAggregatorTests" */;
			buildPhases = (
				D2E8640C278390A900FE0CAE /* Sources */,
				D2E8640D278390A900FE0CAE /* Frameworks */,
				D2E8640E278390A900FE0CAE /* Resources */,
			);
			buildRules = (
			);
			dependencies = (
				D2E86412278390A900FE0CAE /* PBXTargetDependency */,
			);
			name = EventAggregatorTests;
			productName = EventAggregatorTests;
			productReference = D2E86410278390A900FE0CAE /* EventAggregatorTests.xctest */;
			productType = "com.apple.product-type.bundle.unit-test";
		};
		D2E86419278390A900FE0CAE /* EventAggregatorUITests */ = {
			isa = PBXNativeTarget;
			buildConfigurationList = D2E8642A278390A900FE0CAE /* Build configuration list for PBXNativeTarget "EventAggregatorUITests" */;
			buildPhases = (
				D2E86416278390A900FE0CAE /* Sources */,
				D2E86417278390A900FE0CAE /* Frameworks */,
				D2E86418278390A900FE0CAE /* Resources */,
			);
			buildRules = (
			);
			dependencies = (
				D2E8641C278390A900FE0CAE /* PBXTargetDependency */,
			);
			name = EventAggregatorUITests;
			productName = EventAggregatorUITests;
			productReference = D2E8641A278390A900FE0CAE /* EventAggregatorUITests.xctest */;
			productType = "com.apple.product-type.bundle.ui-testing";
		};
/* End PBXNativeTarget section */

/* Begin PBXProject section */
		D2E863F8278390A800FE0CAE /* Project object */ = {
			isa = PBXProject;
			attributes = {
				BuildIndependentTargetsInParallel = 1;
				LastSwiftUpdateCheck = 1320;
				LastUpgradeCheck = 1320;
				TargetAttributes = {
					D2E863FF278390A800FE0CAE = {
						CreatedOnToolsVersion = 13.2.1;
					};
					D2E8640F278390A900FE0CAE = {
						CreatedOnToolsVersion = 13.2.1;
						TestTargetID = D2E863FF278390A800FE0CAE;
					};
					D2E86419278390A900FE0CAE = {
						CreatedOnToolsVersion = 13.2.1;
						TestTargetID = D2E863FF278390A800FE0CAE;
					};
				};
			};
			buildConfigurationList = D2E863FB278390A800FE0CAE /* Build configuration list for PBXProject "EventAggregator" */;
			compatibilityVersion = "Xcode 13.0";
			developmentRegion = en;
			hasScannedForEncodings = 0;
			knownRegions = (
				en,
				Base,
			);
			mainGroup = D2E863F7278390A800FE0CAE;
			productRefGroup = D2E86401278390A800FE0CAE /* Products */;
			projectDirPath = "";
			projectRoot = "";
			targets = (
				D2E863FF278390A800FE0CAE /* EventAggregator */,
				D2E8640F278390A900FE0CAE /* EventAggregatorTests */,
				D2E86419278390A900FE0CAE /* EventAggregatorUITests */,
			);
		};
/* End PBXProject section */

/* Begin PBXResourcesBuildPhase section */
		D2E863FE278390A800FE0CAE /* Resources */ = {
			isa = PBXResourcesBuildPhase;
			buildActionMask = 2147483647;
			files = (
				D2E8640B278390A900FE0CAE /* Preview Assets.xcassets in Resources */,
				D2E86408278390A900FE0CAE /* Assets.xcassets in Resources */,
			);
			runOnlyForDeploymentPostprocessing = 0;
		};
		D2E8640E278390A900FE0CAE /* Resources */ = {
			isa = PBXResourcesBuildPhase;
			buildActionMask = 2147483647;
			files = (
			);
			runOnlyForDeploymentPostprocessing = 0;
		};
		D2E86418278390A900FE0CAE /* Resources */ = {
			isa = PBXResourcesBuildPhase;
			buildActionMask = 2147483647;
			files = (
			);
			runOnlyForDeploymentPostprocessing = 0;
		};
/* End PBXResourcesBuildPhase section */

/* Begin PBXSourcesBuildPhase section */
		D2E863FC278390A800FE0CAE /* Sources */ = {
			isa = PBXSourcesBuildPhase;
			buildActionMask = 2147483647;
			files = (
				D2E864332783913400FE0CAE /* PEventAggregator.swift in Sources */,
				D2E864382783B17800FE0CAE /* AppContext.swift in Sources */,
				D2E864362783AADF00FE0CAE /* EventAggregatorApp.swift in Sources */,
				D2E8643E2783B6A100FE0CAE /* CounterAction.swift in Sources */,
				D2E8643A2783B3CA00FE0CAE /* PublishingView.swift in Sources */,
				D2E86406278390A800FE0CAE /* ContentView.swift in Sources */,
				D2E864322783913400FE0CAE /* EventAggregator.swift in Sources */,
				D2E8643C2783B3DD00FE0CAE /* SubscribingView.swift in Sources */,
				D2E864312783913400FE0CAE /* DependencyView.swift in Sources */,
			);
			runOnlyForDeploymentPostprocessing = 0;
		};
		D2E8640C278390A900FE0CAE /* Sources */ = {
			isa = PBXSourcesBuildPhase;
			buildActionMask = 2147483647;
			files = (
				D2E86415278390A900FE0CAE /* EventAggregatorTests.swift in Sources */,
			);
			runOnlyForDeploymentPostprocessing = 0;
		};
		D2E86416278390A900FE0CAE /* Sources */ = {
			isa = PBXSourcesBuildPhase;
			buildActionMask = 2147483647;
			files = (
				D2E86421278390A900FE0CAE /* EventAggregatorUITestsLaunchTests.swift in Sources */,
				D2E8641F278390A900FE0CAE /* EventAggregatorUITests.swift in Sources */,
			);
			runOnlyForDeploymentPostprocessing = 0;
		};
/* End PBXSourcesBuildPhase section */

/* Begin PBXTargetDependency section */
		D2E86412278390A900FE0CAE /* PBXTargetDependency */ = {
			isa = PBXTargetDependency;
			target = D2E863FF278390A800FE0CAE /* EventAggregator */;
			targetProxy = D2E86411278390A900FE0CAE /* PBXContainerItemProxy */;
		};
		D2E8641C278390A900FE0CAE /* PBXTargetDependency */ = {
			isa = PBXTargetDependency;
			target = D2E863FF278390A800FE0CAE /* EventAggregator */;
			targetProxy = D2E8641B278390A900FE0CAE /* PBXContainerItemProxy */;
		};
/* End PBXTargetDependency section */

/* Begin XCBuildConfiguration section */
		D2E86422278390A900FE0CAE /* Debug */ = {
			isa = XCBuildConfiguration;
			buildSettings = {
				ALWAYS_SEARCH_USER_PATHS = NO;
				CLANG_ANALYZER_NONNULL = YES;
				CLANG_ANALYZER_NUMBER_OBJECT_CONVERSION = YES_AGGRESSIVE;
				CLANG_CXX_LANGUAGE_STANDARD = "gnu++17";
				CLANG_CXX_LIBRARY = "libc++";
				CLANG_ENABLE_MODULES = YES;
				CLANG_ENABLE_OBJC_ARC = YES;
				CLANG_ENABLE_OBJC_WEAK = YES;
				CLANG_WARN_BLOCK_CAPTURE_AUTORELEASING = YES;
				CLANG_WARN_BOOL_CONVERSION = YES;
				CLANG_WARN_COMMA = YES;
				CLANG_WARN_CONSTANT_CONVERSION = YES;
				CLANG_WARN_DEPRECATED_OBJC_IMPLEMENTATIONS = YES;
				CLANG_WARN_DIRECT_OBJC_ISA_USAGE = YES_ERROR;
				CLANG_WARN_DOCUMENTATION_COMMENTS = YES;
				CLANG_WARN_EMPTY_BODY = YES;
				CLANG_WARN_ENUM_CONVERSION = YES;
				CLANG_WARN_INFINITE_RECURSION = YES;
				CLANG_WARN_INT_CONVERSION = YES;
				CLANG_WARN_NON_LITERAL_NULL_CONVERSION = YES;
				CLANG_WARN_OBJC_IMPLICIT_RETAIN_SELF = YES;
				CLANG_WARN_OBJC_LITERAL_CONVERSION = YES;
				CLANG_WARN_OBJC_ROOT_CLASS = YES_ERROR;
				CLANG_WARN_QUOTED_INCLUDE_IN_FRAMEWORK_HEADER = YES;
				CLANG_WARN_RANGE_LOOP_ANALYSIS = YES;
				CLANG_WARN_STRICT_PROTOTYPES = YES;
				CLANG_WARN_SUSPICIOUS_MOVE = YES;
				CLANG_WARN_UNGUARDED_AVAILABILITY = YES_AGGRESSIVE;
				CLANG_WARN_UNREACHABLE_CODE = YES;
				CLANG_WARN__DUPLICATE_METHOD_MATCH = YES;
				COPY_PHASE_STRIP = NO;
				DEBUG_INFORMATION_FORMAT = dwarf;
				ENABLE_STRICT_OBJC_MSGSEND = YES;
				ENABLE_TESTABILITY = YES;
				GCC_C_LANGUAGE_STANDARD = gnu11;
				GCC_DYNAMIC_NO_PIC = NO;
				GCC_NO_COMMON_BLOCKS = YES;
				GCC_OPTIMIZATION_LEVEL = 0;
				GCC_PREPROCESSOR_DEFINITIONS = (
					"DEBUG=1",
					"$(inherited)",
				);
				GCC_WARN_64_TO_32_BIT_CONVERSION = YES;
				GCC_WARN_ABOUT_RETURN_TYPE = YES_ERROR;
				GCC_WARN_UNDECLARED_SELECTOR = YES;
				GCC_WARN_UNINITIALIZED_AUTOS = YES_AGGRESSIVE;
				GCC_WARN_UNUSED_FUNCTION = YES;
				GCC_WARN_UNUSED_VARIABLE = YES;
				IPHONEOS_DEPLOYMENT_TARGET = 15.2;
				MTL_ENABLE_DEBUG_INFO = INCLUDE_SOURCE;
				MTL_FAST_MATH = YES;
				ONLY_ACTIVE_ARCH = YES;
				SDKROOT = iphoneos;
				SWIFT_ACTIVE_COMPILATION_CONDITIONS = DEBUG;
				SWIFT_OPTIMIZATION_LEVEL = "-Onone";
			};
			name = Debug;
		};
		D2E86423278390A900FE0CAE /* Release */ = {
			isa = XCBuildConfiguration;
			buildSettings = {
				ALWAYS_SEARCH_USER_PATHS = NO;
				CLANG_ANALYZER_NONNULL = YES;
				CLANG_ANALYZER_NUMBER_OBJECT_CONVERSION = YES_AGGRESSIVE;
				CLANG_CXX_LANGUAGE_STANDARD = "gnu++17";
				CLANG_CXX_LIBRARY = "libc++";
				CLANG_ENABLE_MODULES = YES;
				CLANG_ENABLE_OBJC_ARC = YES;
				CLANG_ENABLE_OBJC_WEAK = YES;
				CLANG_WARN_BLOCK_CAPTURE_AUTORELEASING = YES;
				CLANG_WARN_BOOL_CONVERSION = YES;
				CLANG_WARN_COMMA = YES;
				CLANG_WARN_CONSTANT_CONVERSION = YES;
				CLANG_WARN_DEPRECATED_OBJC_IMPLEMENTATIONS = YES;
				CLANG_WARN_DIRECT_OBJC_ISA_USAGE = YES_ERROR;
				CLANG_WARN_DOCUMENTATION_COMMENTS = YES;
				CLANG_WARN_EMPTY_BODY = YES;
				CLANG_WARN_ENUM_CONVERSION = YES;
				CLANG_WARN_INFINITE_RECURSION = YES;
				CLANG_WARN_INT_CONVERSION = YES;
				CLANG_WARN_NON_LITERAL_NULL_CONVERSION = YES;
				CLANG_WARN_OBJC_IMPLICIT_RETAIN_SELF = YES;
				CLANG_WARN_OBJC_LITERAL_CONVERSION = YES;
				CLANG_WARN_OBJC_ROOT_CLASS = YES_ERROR;
				CLANG_WARN_QUOTED_INCLUDE_IN_FRAMEWORK_HEADER = YES;
				CLANG_WARN_RANGE_LOOP_ANALYSIS = YES;
				CLANG_WARN_STRICT_PROTOTYPES = YES;
				CLANG_WARN_SUSPICIOUS_MOVE = YES;
				CLANG_WARN_UNGUARDED_AVAILABILITY = YES_AGGRESSIVE;
				CLANG_WARN_UNREACHABLE_CODE = YES;
				CLANG_WARN__DUPLICATE_METHOD_MATCH = YES;
				COPY_PHASE_STRIP = NO;
				DEBUG_INFORMATION_FORMAT = "dwarf-with-dsym";
				ENABLE_NS_ASSERTIONS = NO;
				ENABLE_STRICT_OBJC_MSGSEND = YES;
				GCC_C_LANGUAGE_STANDARD = gnu11;
				GCC_NO_COMMON_BLOCKS = YES;
				GCC_WARN_64_TO_32_BIT_CONVERSION = YES;
				GCC_WARN_ABOUT_RETURN_TYPE = YES_ERROR;
				GCC_WARN_UNDECLARED_SELECTOR = YES;
				GCC_WARN_UNINITIALIZED_AUTOS = YES_AGGRESSIVE;
				GCC_WARN_UNUSED_FUNCTION = YES;
				GCC_WARN_UNUSED_VARIABLE = YES;
				IPHONEOS_DEPLOYMENT_TARGET = 15.2;
				MTL_ENABLE_DEBUG_INFO = NO;
				MTL_FAST_MATH = YES;
				SDKROOT = iphoneos;
				SWIFT_COMPILATION_MODE = wholemodule;
				SWIFT_OPTIMIZATION_LEVEL = "-O";
				VALIDATE_PRODUCT = YES;
			};
			name = Release;
		};
		D2E86425278390A900FE0CAE /* Debug */ = {
			isa = XCBuildConfiguration;
			buildSettings = {
				ASSETCATALOG_COMPILER_APPICON_NAME = AppIcon;
				ASSETCATALOG_COMPILER_GLOBAL_ACCENT_COLOR_NAME = AccentColor;
				CODE_SIGN_STYLE = Automatic;
				CURRENT_PROJECT_VERSION = 1;
				DEVELOPMENT_ASSET_PATHS = "\"EventAggregator/Preview Content\"";
				DEVELOPMENT_TEAM = TW45J7L4K7;
				ENABLE_PREVIEWS = YES;
				GENERATE_INFOPLIST_FILE = YES;
				INFOPLIST_KEY_UIApplicationSceneManifest_Generation = YES;
				INFOPLIST_KEY_UIApplicationSupportsIndirectInputEvents = YES;
				INFOPLIST_KEY_UILaunchScreen_Generation = YES;
				INFOPLIST_KEY_UISupportedInterfaceOrientations_iPad = "UIInterfaceOrientationPortrait UIInterfaceOrientationPortraitUpsideDown UIInterfaceOrientationLandscapeLeft UIInterfaceOrientationLandscapeRight";
				INFOPLIST_KEY_UISupportedInterfaceOrientations_iPhone = "UIInterfaceOrientationPortrait UIInterfaceOrientationLandscapeLeft UIInterfaceOrientationLandscapeRight";
				LD_RUNPATH_SEARCH_PATHS = (
					"$(inherited)",
					"@executable_path/Frameworks",
				);
				MARKETING_VERSION = 1.0;
				PRODUCT_BUNDLE_IDENTIFIER = com.prototype.eatdevsleep.EventAggregator;
				PRODUCT_NAME = "$(TARGET_NAME)";
				SWIFT_EMIT_LOC_STRINGS = YES;
				SWIFT_VERSION = 5.0;
				TARGETED_DEVICE_FAMILY = "1,2";
			};
			name = Debug;
		};
		D2E86426278390A900FE0CAE /* Release */ = {
			isa = XCBuildConfiguration;
			buildSettings = {
				ASSETCATALOG_COMPILER_APPICON_NAME = AppIcon;
				ASSETCATALOG_COMPILER_GLOBAL_ACCENT_COLOR_NAME = AccentColor;
				CODE_SIGN_STYLE = Automatic;
				CURRENT_PROJECT_VERSION = 1;
				DEVELOPMENT_ASSET_PATHS = "\"EventAggregator/Preview Content\"";
				DEVELOPMENT_TEAM = TW45J7L4K7;
				ENABLE_PREVIEWS = YES;
				GENERATE_INFOPLIST_FILE = YES;
				INFOPLIST_KEY_UIApplicationSceneManifest_Generation = YES;
				INFOPLIST_KEY_UIApplicationSupportsIndirectInputEvents = YES;
				INFOPLIST_KEY_UILaunchScreen_Generation = YES;
				INFOPLIST_KEY_UISupportedInterfaceOrientations_iPad = "UIInterfaceOrientationPortrait UIInterfaceOrientationPortraitUpsideDown UIInterfaceOrientationLandscapeLeft UIInterfaceOrientationLandscapeRight";
				INFOPLIST_KEY_UISupportedInterfaceOrientations_iPhone = "UIInterfaceOrientationPortrait UIInterfaceOrientationLandscapeLeft UIInterfaceOrientationLandscapeRight";
				LD_RUNPATH_SEARCH_PATHS = (
					"$(inherited)",
					"@executable_path/Frameworks",
				);
				MARKETING_VERSION = 1.0;
				PRODUCT_BUNDLE_IDENTIFIER = com.prototype.eatdevsleep.EventAggregator;
				PRODUCT_NAME = "$(TARGET_NAME)";
				SWIFT_EMIT_LOC_STRINGS = YES;
				SWIFT_VERSION = 5.0;
				TARGETED_DEVICE_FAMILY = "1,2";
			};
			name = Release;
		};
		D2E86428278390A900FE0CAE /* Debug */ = {
			isa = XCBuildConfiguration;
			buildSettings = {
				ALWAYS_EMBED_SWIFT_STANDARD_LIBRARIES = YES;
				BUNDLE_LOADER = "$(TEST_HOST)";
				CODE_SIGN_STYLE = Automatic;
				CURRENT_PROJECT_VERSION = 1;
				DEVELOPMENT_TEAM = TW45J7L4K7;
				GENERATE_INFOPLIST_FILE = YES;
				IPHONEOS_DEPLOYMENT_TARGET = 15.2;
				MARKETING_VERSION = 1.0;
				PRODUCT_BUNDLE_IDENTIFIER = com.prototype.eatdevsleep.EventAggregatorTests;
				PRODUCT_NAME = "$(TARGET_NAME)";
				SWIFT_EMIT_LOC_STRINGS = NO;
				SWIFT_VERSION = 5.0;
				TARGETED_DEVICE_FAMILY = "1,2";
				TEST_HOST = "$(BUILT_PRODUCTS_DIR)/EventAggregator.app/EventAggregator";
			};
			name = Debug;
		};
		D2E86429278390A900FE0CAE /* Release */ = {
			isa = XCBuildConfiguration;
			buildSettings = {
				ALWAYS_EMBED_SWIFT_STANDARD_LIBRARIES = YES;
				BUNDLE_LOADER = "$(TEST_HOST)";
				CODE_SIGN_STYLE = Automatic;
				CURRENT_PROJECT_VERSION = 1;
				DEVELOPMENT_TEAM = TW45J7L4K7;
				GENERATE_INFOPLIST_FILE = YES;
				IPHONEOS_DEPLOYMENT_TARGET = 15.2;
				MARKETING_VERSION = 1.0;
				PRODUCT_BUNDLE_IDENTIFIER = com.prototype.eatdevsleep.EventAggregatorTests;
				PRODUCT_NAME = "$(TARGET_NAME)";
				SWIFT_EMIT_LOC_STRINGS = NO;
				SWIFT_VERSION = 5.0;
				TARGETED_DEVICE_FAMILY = "1,2";
				TEST_HOST = "$(BUILT_PRODUCTS_DIR)/EventAggregator.app/EventAggregator";
			};
			name = Release;
		};
		D2E8642B278390A900FE0CAE /* Debug */ = {
			isa = XCBuildConfiguration;
			buildSettings = {
				ALWAYS_EMBED_SWIFT_STANDARD_LIBRARIES = YES;
				CODE_SIGN_STYLE = Automatic;
				CURRENT_PROJECT_VERSION = 1;
				DEVELOPMENT_TEAM = TW45J7L4K7;
				GENERATE_INFOPLIST_FILE = YES;
				MARKETING_VERSION = 1.0;
				PRODUCT_BUNDLE_IDENTIFIER = com.prototype.eatdevsleep.EventAggregatorUITests;
				PRODUCT_NAME = "$(TARGET_NAME)";
				SWIFT_EMIT_LOC_STRINGS = NO;
				SWIFT_VERSION = 5.0;
				TARGETED_DEVICE_FAMILY = "1,2";
				TEST_TARGET_NAME = EventAggregator;
			};
			name = Debug;
		};
		D2E8642C278390A900FE0CAE /* Release */ = {
			isa = XCBuildConfiguration;
			buildSettings = {
				ALWAYS_EMBED_SWIFT_STANDARD_LIBRARIES = YES;
				CODE_SIGN_STYLE = Automatic;
				CURRENT_PROJECT_VERSION = 1;
				DEVELOPMENT_TEAM = TW45J7L4K7;
				GENERATE_INFOPLIST_FILE = YES;
				MARKETING_VERSION = 1.0;
				PRODUCT_BUNDLE_IDENTIFIER = com.prototype.eatdevsleep.EventAggregatorUITests;
				PRODUCT_NAME = "$(TARGET_NAME)";
				SWIFT_EMIT_LOC_STRINGS = NO;
				SWIFT_VERSION = 5.0;
				TARGETED_DEVICE_FAMILY = "1,2";
				TEST_TARGET_NAME = EventAggregator;
			};
			name = Release;
		};
/* End XCBuildConfiguration section */

/* Begin XCConfigurationList section */
		D2E863FB278390A800FE0CAE /* Build configuration list for PBXProject "EventAggregator" */ = {
			isa = XCConfigurationList;
			buildConfigurations = (
				D2E86422278390A900FE0CAE /* Debug */,
				D2E86423278390A900FE0CAE /* Release */,
			);
			defaultConfigurationIsVisible = 0;
			defaultConfigurationName = Release;
		};
		D2E86424278390A900FE0CAE /* Build configuration list for PBXNativeTarget "EventAggregator" */ = {
			isa = XCConfigurationList;
			buildConfigurations = (
				D2E86425278390A900FE0CAE /* Debug */,
				D2E86426278390A900FE0CAE /* Release */,
			);
			defaultConfigurationIsVisible = 0;
			defaultConfigurationName = Release;
		};
		D2E86427278390A900FE0CAE /* Build configuration list for PBXNativeTarget "EventAggregatorTests" */ = {
			isa = XCConfigurationList;
			buildConfigurations = (
				D2E86428278390A900FE0CAE /* Debug */,
				D2E86429278390A900FE0CAE /* Release */,
			);
			defaultConfigurationIsVisible = 0;
			defaultConfigurationName = Release;
		};
		D2E8642A278390A900FE0CAE /* Build configuration list for PBXNativeTarget "EventAggregatorUITests" */ = {
			isa = XCConfigurationList;
			buildConfigurations = (
				D2E8642B278390A900FE0CAE /* Debug */,
				D2E8642C278390A900FE0CAE /* Release */,
			);
			defaultConfigurationIsVisible = 0;
			defaultConfigurationName = Release;
		};
/* End XCConfigurationList section */
	};
	rootObject = D2E863F8278390A800FE0CAE /* Project object */;
}
