// !$*UTF8*$!
{
	archiveVersion = 1;
	classes = {
	};
	objectVersion = 55;
	objects = {

/* Begin PBXBuildFile section */
		D27E99612784E18A00EA530A /* ModelViewViewModelApp.swift in Sources */ = {isa = PBXBuildFile; fileRef = D27E99602784E18A00EA530A /* ModelViewViewModelApp.swift */; };
		D27E99632784E18A00EA530A /* ContentView.swift in Sources */ = {isa = PBXBuildFile; fileRef = D27E99622784E18A00EA530A /* ContentView.swift */; };
		D27E99652784E18A00EA530A /* Assets.xcassets in Resources */ = {isa = PBXBuildFile; fileRef = D27E99642784E18A00EA530A /* Assets.xcassets */; };
		D27E99682784E18A00EA530A /* Preview Assets.xcassets in Resources */ = {isa = PBXBuildFile; fileRef = D27E99672784E18A00EA530A /* Preview Assets.xcassets */; };
		D27E99722784E18A00EA530A /* ModelViewViewModelTests.swift in Sources */ = {isa = PBXBuildFile; fileRef = D27E99712784E18A00EA530A /* ModelViewViewModelTests.swift */; };
		D27E997C2784E18A00EA530A /* ModelViewViewModelUITests.swift in Sources */ = {isa = PBXBuildFile; fileRef = D27E997B2784E18A00EA530A /* ModelViewViewModelUITests.swift */; };
		D27E997E2784E18A00EA530A /* ModelViewViewModelUITestsLaunchTests.swift in Sources */ = {isa = PBXBuildFile; fileRef = D27E997D2784E18A00EA530A /* ModelViewViewModelUITestsLaunchTests.swift */; };
		D27E998D2784E4CE00EA530A /* ViewModelFactory.swift in Sources */ = {isa = PBXBuildFile; fileRef = D27E998C2784E4CE00EA530A /* ViewModelFactory.swift */; };
		D27E998F2784E8F500EA530A /* AppContext.swift in Sources */ = {isa = PBXBuildFile; fileRef = D27E998E2784E8F500EA530A /* AppContext.swift */; };
		D27E99932784F3AC00EA530A /* DependencyView.swift in Sources */ = {isa = PBXBuildFile; fileRef = D27E99922784F3AC00EA530A /* DependencyView.swift */; };
		D27E99952784F5E800EA530A /* ContentViewModel.swift in Sources */ = {isa = PBXBuildFile; fileRef = D27E99942784F5E800EA530A /* ContentViewModel.swift */; };
		D27E99972784F7A000EA530A /* MockMessageService.swift in Sources */ = {isa = PBXBuildFile; fileRef = D27E99962784F7A000EA530A /* MockMessageService.swift */; };
		D27E99992784FAA600EA530A /* ContentViewParam.swift in Sources */ = {isa = PBXBuildFile; fileRef = D27E99982784FAA600EA530A /* ContentViewParam.swift */; };
		D27E999B27860ABD00EA530A /* ContentViewFactory.swift in Sources */ = {isa = PBXBuildFile; fileRef = D27E999A27860ABD00EA530A /* ContentViewFactory.swift */; };
		D27E999D27860EA300EA530A /* AppContextView.swift in Sources */ = {isa = PBXBuildFile; fileRef = D27E999C27860EA300EA530A /* AppContextView.swift */; };
		D27E999F27860EEE00EA530A /* RootContentView.swift in Sources */ = {isa = PBXBuildFile; fileRef = D27E999E27860EEE00EA530A /* RootContentView.swift */; };
/* End PBXBuildFile section */

/* Begin PBXContainerItemProxy section */
		D27E996E2784E18A00EA530A /* PBXContainerItemProxy */ = {
			isa = PBXContainerItemProxy;
			containerPortal = D27E99552784E18A00EA530A /* Project object */;
			proxyType = 1;
			remoteGlobalIDString = D27E995C2784E18A00EA530A;
			remoteInfo = ModelViewViewModel;
		};
		D27E99782784E18A00EA530A /* PBXContainerItemProxy */ = {
			isa = PBXContainerItemProxy;
			containerPortal = D27E99552784E18A00EA530A /* Project object */;
			proxyType = 1;
			remoteGlobalIDString = D27E995C2784E18A00EA530A;
			remoteInfo = ModelViewViewModel;
		};
/* End PBXContainerItemProxy section */

/* Begin PBXFileReference section */
		D27E995D2784E18A00EA530A /* ModelViewViewModel.app */ = {isa = PBXFileReference; explicitFileType = wrapper.application; includeInIndex = 0; path = ModelViewViewModel.app; sourceTree = BUILT_PRODUCTS_DIR; };
		D27E99602784E18A00EA530A /* ModelViewViewModelApp.swift */ = {isa = PBXFileReference; lastKnownFileType = sourcecode.swift; path = ModelViewViewModelApp.swift; sourceTree = "<group>"; };
		D27E99622784E18A00EA530A /* ContentView.swift */ = {isa = PBXFileReference; lastKnownFileType = sourcecode.swift; path = ContentView.swift; sourceTree = "<group>"; };
		D27E99642784E18A00EA530A /* Assets.xcassets */ = {isa = PBXFileReference; lastKnownFileType = folder.assetcatalog; path = Assets.xcassets; sourceTree = "<group>"; };
		D27E99672784E18A00EA530A /* Preview Assets.xcassets */ = {isa = PBXFileReference; lastKnownFileType = folder.assetcatalog; path = "Preview Assets.xcassets"; sourceTree = "<group>"; };
		D27E996D2784E18A00EA530A /* ModelViewViewModelTests.xctest */ = {isa = PBXFileReference; explicitFileType = wrapper.cfbundle; includeInIndex = 0; path = ModelViewViewModelTests.xctest; sourceTree = BUILT_PRODUCTS_DIR; };
		D27E99712784E18A00EA530A /* ModelViewViewModelTests.swift */ = {isa = PBXFileReference; lastKnownFileType = sourcecode.swift; path = ModelViewViewModelTests.swift; sourceTree = "<group>"; };
		D27E99772784E18A00EA530A /* ModelViewViewModelUITests.xctest */ = {isa = PBXFileReference; explicitFileType = wrapper.cfbundle; includeInIndex = 0; path = ModelViewViewModelUITests.xctest; sourceTree = BUILT_PRODUCTS_DIR; };
		D27E997B2784E18A00EA530A /* ModelViewViewModelUITests.swift */ = {isa = PBXFileReference; lastKnownFileType = sourcecode.swift; path = ModelViewViewModelUITests.swift; sourceTree = "<group>"; };
		D27E997D2784E18A00EA530A /* ModelViewViewModelUITestsLaunchTests.swift */ = {isa = PBXFileReference; lastKnownFileType = sourcecode.swift; path = ModelViewViewModelUITestsLaunchTests.swift; sourceTree = "<group>"; };
		D27E998C2784E4CE00EA530A /* ViewModelFactory.swift */ = {isa = PBXFileReference; lastKnownFileType = sourcecode.swift; path = ViewModelFactory.swift; sourceTree = "<group>"; };
		D27E998E2784E8F500EA530A /* AppContext.swift */ = {isa = PBXFileReference; lastKnownFileType = sourcecode.swift; path = AppContext.swift; sourceTree = "<group>"; };
		D27E99922784F3AC00EA530A /* DependencyView.swift */ = {isa = PBXFileReference; lastKnownFileType = sourcecode.swift; path = DependencyView.swift; sourceTree = "<group>"; };
		D27E99942784F5E800EA530A /* ContentViewModel.swift */ = {isa = PBXFileReference; lastKnownFileType = sourcecode.swift; path = ContentViewModel.swift; sourceTree = "<group>"; };
		D27E99962784F7A000EA530A /* MockMessageService.swift */ = {isa = PBXFileReference; lastKnownFileType = sourcecode.swift; path = MockMessageService.swift; sourceTree = "<group>"; };
		D27E99982784FAA600EA530A /* ContentViewParam.swift */ = {isa = PBXFileReference; lastKnownFileType = sourcecode.swift; path = ContentViewParam.swift; sourceTree = "<group>"; };
		D27E999A27860ABD00EA530A /* ContentViewFactory.swift */ = {isa = PBXFileReference; lastKnownFileType = sourcecode.swift; path = ContentViewFactory.swift; sourceTree = "<group>"; };
		D27E999C27860EA300EA530A /* AppContextView.swift */ = {isa = PBXFileReference; lastKnownFileType = sourcecode.swift; path = AppContextView.swift; sourceTree = "<group>"; };
		D27E999E27860EEE00EA530A /* RootContentView.swift */ = {isa = PBXFileReference; lastKnownFileType = sourcecode.swift; path = RootContentView.swift; sourceTree = "<group>"; };
/* End PBXFileReference section */

/* Begin PBXFrameworksBuildPhase section */
		D27E995A2784E18A00EA530A /* Frameworks */ = {
			isa = PBXFrameworksBuildPhase;
			buildActionMask = 2147483647;
			files = (
			);
			runOnlyForDeploymentPostprocessing = 0;
		};
		D27E996A2784E18A00EA530A /* Frameworks */ = {
			isa = PBXFrameworksBuildPhase;
			buildActionMask = 2147483647;
			files = (
			);
			runOnlyForDeploymentPostprocessing = 0;
		};
		D27E99742784E18A00EA530A /* Frameworks */ = {
			isa = PBXFrameworksBuildPhase;
			buildActionMask = 2147483647;
			files = (
			);
			runOnlyForDeploymentPostprocessing = 0;
		};
/* End PBXFrameworksBuildPhase section */

/* Begin PBXGroup section */
		D27E99542784E18A00EA530A = {
			isa = PBXGroup;
			children = (
				D27E995F2784E18A00EA530A /* ModelViewViewModel */,
				D27E99702784E18A00EA530A /* ModelViewViewModelTests */,
				D27E997A2784E18A00EA530A /* ModelViewViewModelUITests */,
				D27E995E2784E18A00EA530A /* Products */,
			);
			sourceTree = "<group>";
		};
		D27E995E2784E18A00EA530A /* Products */ = {
			isa = PBXGroup;
			children = (
				D27E995D2784E18A00EA530A /* ModelViewViewModel.app */,
				D27E996D2784E18A00EA530A /* ModelViewViewModelTests.xctest */,
				D27E99772784E18A00EA530A /* ModelViewViewModelUITests.xctest */,
			);
			name = Products;
			sourceTree = "<group>";
		};
		D27E995F2784E18A00EA530A /* ModelViewViewModel */ = {
			isa = PBXGroup;
			children = (
				D27E99A8278657C600EA530A /* AppFramework */,
				D27E99A62786576400EA530A /* Views */,
				D27E99642784E18A00EA530A /* Assets.xcassets */,
				D27E99662784E18A00EA530A /* Preview Content */,
				D27E99A22786425E00EA530A /* Services */,
			);
			path = ModelViewViewModel;
			sourceTree = "<group>";
		};
		D27E99662784E18A00EA530A /* Preview Content */ = {
			isa = PBXGroup;
			children = (
				D27E99672784E18A00EA530A /* Preview Assets.xcassets */,
			);
			path = "Preview Content";
			sourceTree = "<group>";
		};
		D27E99702784E18A00EA530A /* ModelViewViewModelTests */ = {
			isa = PBXGroup;
			children = (
				D27E99712784E18A00EA530A /* ModelViewViewModelTests.swift */,
			);
			path = ModelViewViewModelTests;
			sourceTree = "<group>";
		};
		D27E997A2784E18A00EA530A /* ModelViewViewModelUITests */ = {
			isa = PBXGroup;
			children = (
				D27E997B2784E18A00EA530A /* ModelViewViewModelUITests.swift */,
				D27E997D2784E18A00EA530A /* ModelViewViewModelUITestsLaunchTests.swift */,
			);
			path = ModelViewViewModelUITests;
			sourceTree = "<group>";
		};
		D27E99A22786425E00EA530A /* Services */ = {
			isa = PBXGroup;
			children = (
				D27E99962784F7A000EA530A /* MockMessageService.swift */,
			);
			path = Services;
			sourceTree = "<group>";
		};
		D27E99A62786576400EA530A /* Views */ = {
			isa = PBXGroup;
			children = (
				D27E99A7278657A800EA530A /* ContentView */,
				D27E999E27860EEE00EA530A /* RootContentView.swift */,
			);
			path = Views;
			sourceTree = "<group>";
		};
		D27E99A7278657A800EA530A /* ContentView */ = {
			isa = PBXGroup;
			children = (
				D27E99622784E18A00EA530A /* ContentView.swift */,
				D27E99942784F5E800EA530A /* ContentViewModel.swift */,
				D27E99982784FAA600EA530A /* ContentViewParam.swift */,
				D27E999A27860ABD00EA530A /* ContentViewFactory.swift */,
			);
			path = ContentView;
			sourceTree = "<group>";
		};
		D27E99A8278657C600EA530A /* AppFramework */ = {
			isa = PBXGroup;
			children = (
				D27E998E2784E8F500EA530A /* AppContext.swift */,
				D27E999C27860EA300EA530A /* AppContextView.swift */,
				D27E99922784F3AC00EA530A /* DependencyView.swift */,
				D27E99602784E18A00EA530A /* ModelViewViewModelApp.swift */,
				D27E998C2784E4CE00EA530A /* ViewModelFactory.swift */,
			);
			path = AppFramework;
			sourceTree = "<group>";
		};
/* End PBXGroup section */

/* Begin PBXNativeTarget section */
		D27E995C2784E18A00EA530A /* ModelViewViewModel */ = {
			isa = PBXNativeTarget;
			buildConfigurationList = D27E99812784E18A00EA530A /* Build configuration list for PBXNativeTarget "ModelViewViewModel" */;
			buildPhases = (
				D27E99592784E18A00EA530A /* Sources */,
				D27E995A2784E18A00EA530A /* Frameworks */,
				D27E995B2784E18A00EA530A /* Resources */,
			);
			buildRules = (
			);
			dependencies = (
			);
			name = ModelViewViewModel;
			productName = ModelViewViewModel;
			productReference = D27E995D2784E18A00EA530A /* ModelViewViewModel.app */;
			productType = "com.apple.product-type.application";
		};
		D27E996C2784E18A00EA530A /* ModelViewViewModelTests */ = {
			isa = PBXNativeTarget;
			buildConfigurationList = D27E99842784E18A00EA530A /* Build configuration list for PBXNativeTarget "ModelViewViewModelTests" */;
			buildPhases = (
				D27E99692784E18A00EA530A /* Sources */,
				D27E996A2784E18A00EA530A /* Frameworks */,
				D27E996B2784E18A00EA530A /* Resources */,
			);
			buildRules = (
			);
			dependencies = (
				D27E996F2784E18A00EA530A /* PBXTargetDependency */,
			);
			name = ModelViewViewModelTests;
			productName = ModelViewViewModelTests;
			productReference = D27E996D2784E18A00EA530A /* ModelViewViewModelTests.xctest */;
			productType = "com.apple.product-type.bundle.unit-test";
		};
		D27E99762784E18A00EA530A /* ModelViewViewModelUITests */ = {
			isa = PBXNativeTarget;
			buildConfigurationList = D27E99872784E18A00EA530A /* Build configuration list for PBXNativeTarget "ModelViewViewModelUITests" */;
			buildPhases = (
				D27E99732784E18A00EA530A /* Sources */,
				D27E99742784E18A00EA530A /* Frameworks */,
				D27E99752784E18A00EA530A /* Resources */,
			);
			buildRules = (
			);
			dependencies = (
				D27E99792784E18A00EA530A /* PBXTargetDependency */,
			);
			name = ModelViewViewModelUITests;
			productName = ModelViewViewModelUITests;
			productReference = D27E99772784E18A00EA530A /* ModelViewViewModelUITests.xctest */;
			productType = "com.apple.product-type.bundle.ui-testing";
		};
/* End PBXNativeTarget section */

/* Begin PBXProject section */
		D27E99552784E18A00EA530A /* Project object */ = {
			isa = PBXProject;
			attributes = {
				BuildIndependentTargetsInParallel = 1;
				LastSwiftUpdateCheck = 1320;
				LastUpgradeCheck = 1320;
				TargetAttributes = {
					D27E995C2784E18A00EA530A = {
						CreatedOnToolsVersion = 13.2.1;
					};
					D27E996C2784E18A00EA530A = {
						CreatedOnToolsVersion = 13.2.1;
						TestTargetID = D27E995C2784E18A00EA530A;
					};
					D27E99762784E18A00EA530A = {
						CreatedOnToolsVersion = 13.2.1;
						TestTargetID = D27E995C2784E18A00EA530A;
					};
				};
			};
			buildConfigurationList = D27E99582784E18A00EA530A /* Build configuration list for PBXProject "ModelViewViewModel" */;
			compatibilityVersion = "Xcode 13.0";
			developmentRegion = en;
			hasScannedForEncodings = 0;
			knownRegions = (
				en,
				Base,
			);
			mainGroup = D27E99542784E18A00EA530A;
			productRefGroup = D27E995E2784E18A00EA530A /* Products */;
			projectDirPath = "";
			projectRoot = "";
			targets = (
				D27E995C2784E18A00EA530A /* ModelViewViewModel */,
				D27E996C2784E18A00EA530A /* ModelViewViewModelTests */,
				D27E99762784E18A00EA530A /* ModelViewViewModelUITests */,
			);
		};
/* End PBXProject section */

/* Begin PBXResourcesBuildPhase section */
		D27E995B2784E18A00EA530A /* Resources */ = {
			isa = PBXResourcesBuildPhase;
			buildActionMask = 2147483647;
			files = (
				D27E99682784E18A00EA530A /* Preview Assets.xcassets in Resources */,
				D27E99652784E18A00EA530A /* Assets.xcassets in Resources */,
			);
			runOnlyForDeploymentPostprocessing = 0;
		};
		D27E996B2784E18A00EA530A /* Resources */ = {
			isa = PBXResourcesBuildPhase;
			buildActionMask = 2147483647;
			files = (
			);
			runOnlyForDeploymentPostprocessing = 0;
		};
		D27E99752784E18A00EA530A /* Resources */ = {
			isa = PBXResourcesBuildPhase;
			buildActionMask = 2147483647;
			files = (
			);
			runOnlyForDeploymentPostprocessing = 0;
		};
/* End PBXResourcesBuildPhase section */

/* Begin PBXSourcesBuildPhase section */
		D27E99592784E18A00EA530A /* Sources */ = {
			isa = PBXSourcesBuildPhase;
			buildActionMask = 2147483647;
			files = (
				D27E99992784FAA600EA530A /* ContentViewParam.swift in Sources */,
				D27E999B27860ABD00EA530A /* ContentViewFactory.swift in Sources */,
				D27E99632784E18A00EA530A /* ContentView.swift in Sources */,
				D27E998F2784E8F500EA530A /* AppContext.swift in Sources */,
				D27E998D2784E4CE00EA530A /* ViewModelFactory.swift in Sources */,
				D27E99972784F7A000EA530A /* MockMessageService.swift in Sources */,
				D27E999F27860EEE00EA530A /* RootContentView.swift in Sources */,
				D27E99952784F5E800EA530A /* ContentViewModel.swift in Sources */,
				D27E999D27860EA300EA530A /* AppContextView.swift in Sources */,
				D27E99612784E18A00EA530A /* ModelViewViewModelApp.swift in Sources */,
				D27E99932784F3AC00EA530A /* DependencyView.swift in Sources */,
			);
			runOnlyForDeploymentPostprocessing = 0;
		};
		D27E99692784E18A00EA530A /* Sources */ = {
			isa = PBXSourcesBuildPhase;
			buildActionMask = 2147483647;
			files = (
				D27E99722784E18A00EA530A /* ModelViewViewModelTests.swift in Sources */,
			);
			runOnlyForDeploymentPostprocessing = 0;
		};
		D27E99732784E18A00EA530A /* Sources */ = {
			isa = PBXSourcesBuildPhase;
			buildActionMask = 2147483647;
			files = (
				D27E997E2784E18A00EA530A /* ModelViewViewModelUITestsLaunchTests.swift in Sources */,
				D27E997C2784E18A00EA530A /* ModelViewViewModelUITests.swift in Sources */,
			);
			runOnlyForDeploymentPostprocessing = 0;
		};
/* End PBXSourcesBuildPhase section */

/* Begin PBXTargetDependency section */
		D27E996F2784E18A00EA530A /* PBXTargetDependency */ = {
			isa = PBXTargetDependency;
			target = D27E995C2784E18A00EA530A /* ModelViewViewModel */;
			targetProxy = D27E996E2784E18A00EA530A /* PBXContainerItemProxy */;
		};
		D27E99792784E18A00EA530A /* PBXTargetDependency */ = {
			isa = PBXTargetDependency;
			target = D27E995C2784E18A00EA530A /* ModelViewViewModel */;
			targetProxy = D27E99782784E18A00EA530A /* PBXContainerItemProxy */;
		};
/* End PBXTargetDependency section */

/* Begin XCBuildConfiguration section */
		D27E997F2784E18A00EA530A /* Debug */ = {
			isa = XCBuildConfiguration;
			buildSettings = {
				ALWAYS_SEARCH_USER_PATHS = NO;
				CLANG_ANALYZER_NONNULL = YES;
				CLANG_ANALYZER_NUMBER_OBJECT_CONVERSION = YES_AGGRESSIVE;
				CLANG_CXX_LANGUAGE_STANDARD = "gnu++17";
				CLANG_CXX_LIBRARY = "libc++";
				CLANG_ENABLE_MODULES = YES;
				CLANG_ENABLE_OBJC_ARC = YES;
				CLANG_ENABLE_OBJC_WEAK = YES;
				CLANG_WARN_BLOCK_CAPTURE_AUTORELEASING = YES;
				CLANG_WARN_BOOL_CONVERSION = YES;
				CLANG_WARN_COMMA = YES;
				CLANG_WARN_CONSTANT_CONVERSION = YES;
				CLANG_WARN_DEPRECATED_OBJC_IMPLEMENTATIONS = YES;
				CLANG_WARN_DIRECT_OBJC_ISA_USAGE = YES_ERROR;
				CLANG_WARN_DOCUMENTATION_COMMENTS = YES;
				CLANG_WARN_EMPTY_BODY = YES;
				CLANG_WARN_ENUM_CONVERSION = YES;
				CLANG_WARN_INFINITE_RECURSION = YES;
				CLANG_WARN_INT_CONVERSION = YES;
				CLANG_WARN_NON_LITERAL_NULL_CONVERSION = YES;
				CLANG_WARN_OBJC_IMPLICIT_RETAIN_SELF = YES;
				CLANG_WARN_OBJC_LITERAL_CONVERSION = YES;
				CLANG_WARN_OBJC_ROOT_CLASS = YES_ERROR;
				CLANG_WARN_QUOTED_INCLUDE_IN_FRAMEWORK_HEADER = YES;
				CLANG_WARN_RANGE_LOOP_ANALYSIS = YES;
				CLANG_WARN_STRICT_PROTOTYPES = YES;
				CLANG_WARN_SUSPICIOUS_MOVE = YES;
				CLANG_WARN_UNGUARDED_AVAILABILITY = YES_AGGRESSIVE;
				CLANG_WARN_UNREACHABLE_CODE = YES;
				CLANG_WARN__DUPLICATE_METHOD_MATCH = YES;
				COPY_PHASE_STRIP = NO;
				DEBUG_INFORMATION_FORMAT = dwarf;
				ENABLE_STRICT_OBJC_MSGSEND = YES;
				ENABLE_TESTABILITY = YES;
				GCC_C_LANGUAGE_STANDARD = gnu11;
				GCC_DYNAMIC_NO_PIC = NO;
				GCC_NO_COMMON_BLOCKS = YES;
				GCC_OPTIMIZATION_LEVEL = 0;
				GCC_PREPROCESSOR_DEFINITIONS = (
					"DEBUG=1",
					"$(inherited)",
				);
				GCC_WARN_64_TO_32_BIT_CONVERSION = YES;
				GCC_WARN_ABOUT_RETURN_TYPE = YES_ERROR;
				GCC_WARN_UNDECLARED_SELECTOR = YES;
				GCC_WARN_UNINITIALIZED_AUTOS = YES_AGGRESSIVE;
				GCC_WARN_UNUSED_FUNCTION = YES;
				GCC_WARN_UNUSED_VARIABLE = YES;
				IPHONEOS_DEPLOYMENT_TARGET = 15.2;
				MTL_ENABLE_DEBUG_INFO = INCLUDE_SOURCE;
				MTL_FAST_MATH = YES;
				ONLY_ACTIVE_ARCH = YES;
				SDKROOT = iphoneos;
				SWIFT_ACTIVE_COMPILATION_CONDITIONS = DEBUG;
				SWIFT_OPTIMIZATION_LEVEL = "-Onone";
			};
			name = Debug;
		};
		D27E99802784E18A00EA530A /* Release */ = {
			isa = XCBuildConfiguration;
			buildSettings = {
				ALWAYS_SEARCH_USER_PATHS = NO;
				CLANG_ANALYZER_NONNULL = YES;
				CLANG_ANALYZER_NUMBER_OBJECT_CONVERSION = YES_AGGRESSIVE;
				CLANG_CXX_LANGUAGE_STANDARD = "gnu++17";
				CLANG_CXX_LIBRARY = "libc++";
				CLANG_ENABLE_MODULES = YES;
				CLANG_ENABLE_OBJC_ARC = YES;
				CLANG_ENABLE_OBJC_WEAK = YES;
				CLANG_WARN_BLOCK_CAPTURE_AUTORELEASING = YES;
				CLANG_WARN_BOOL_CONVERSION = YES;
				CLANG_WARN_COMMA = YES;
				CLANG_WARN_CONSTANT_CONVERSION = YES;
				CLANG_WARN_DEPRECATED_OBJC_IMPLEMENTATIONS = YES;
				CLANG_WARN_DIRECT_OBJC_ISA_USAGE = YES_ERROR;
				CLANG_WARN_DOCUMENTATION_COMMENTS = YES;
				CLANG_WARN_EMPTY_BODY = YES;
				CLANG_WARN_ENUM_CONVERSION = YES;
				CLANG_WARN_INFINITE_RECURSION = YES;
				CLANG_WARN_INT_CONVERSION = YES;
				CLANG_WARN_NON_LITERAL_NULL_CONVERSION = YES;
				CLANG_WARN_OBJC_IMPLICIT_RETAIN_SELF = YES;
				CLANG_WARN_OBJC_LITERAL_CONVERSION = YES;
				CLANG_WARN_OBJC_ROOT_CLASS = YES_ERROR;
				CLANG_WARN_QUOTED_INCLUDE_IN_FRAMEWORK_HEADER = YES;
				CLANG_WARN_RANGE_LOOP_ANALYSIS = YES;
				CLANG_WARN_STRICT_PROTOTYPES = YES;
				CLANG_WARN_SUSPICIOUS_MOVE = YES;
				CLANG_WARN_UNGUARDED_AVAILABILITY = YES_AGGRESSIVE;
				CLANG_WARN_UNREACHABLE_CODE = YES;
				CLANG_WARN__DUPLICATE_METHOD_MATCH = YES;
				COPY_PHASE_STRIP = NO;
				DEBUG_INFORMATION_FORMAT = "dwarf-with-dsym";
				ENABLE_NS_ASSERTIONS = NO;
				ENABLE_STRICT_OBJC_MSGSEND = YES;
				GCC_C_LANGUAGE_STANDARD = gnu11;
				GCC_NO_COMMON_BLOCKS = YES;
				GCC_WARN_64_TO_32_BIT_CONVERSION = YES;
				GCC_WARN_ABOUT_RETURN_TYPE = YES_ERROR;
				GCC_WARN_UNDECLARED_SELECTOR = YES;
				GCC_WARN_UNINITIALIZED_AUTOS = YES_AGGRESSIVE;
				GCC_WARN_UNUSED_FUNCTION = YES;
				GCC_WARN_UNUSED_VARIABLE = YES;
				IPHONEOS_DEPLOYMENT_TARGET = 15.2;
				MTL_ENABLE_DEBUG_INFO = NO;
				MTL_FAST_MATH = YES;
				SDKROOT = iphoneos;
				SWIFT_COMPILATION_MODE = wholemodule;
				SWIFT_OPTIMIZATION_LEVEL = "-O";
				VALIDATE_PRODUCT = YES;
			};
			name = Release;
		};
		D27E99822784E18A00EA530A /* Debug */ = {
			isa = XCBuildConfiguration;
			buildSettings = {
				ASSETCATALOG_COMPILER_APPICON_NAME = AppIcon;
				ASSETCATALOG_COMPILER_GLOBAL_ACCENT_COLOR_NAME = AccentColor;
				CODE_SIGN_STYLE = Automatic;
				CURRENT_PROJECT_VERSION = 1;
				DEVELOPMENT_ASSET_PATHS = "\"ModelViewViewModel/Preview Content\"";
				DEVELOPMENT_TEAM = TW45J7L4K7;
				ENABLE_PREVIEWS = YES;
				GENERATE_INFOPLIST_FILE = YES;
				INFOPLIST_KEY_UIApplicationSceneManifest_Generation = YES;
				INFOPLIST_KEY_UIApplicationSupportsIndirectInputEvents = YES;
				INFOPLIST_KEY_UILaunchScreen_Generation = YES;
				INFOPLIST_KEY_UISupportedInterfaceOrientations_iPad = "UIInterfaceOrientationPortrait UIInterfaceOrientationPortraitUpsideDown UIInterfaceOrientationLandscapeLeft UIInterfaceOrientationLandscapeRight";
				INFOPLIST_KEY_UISupportedInterfaceOrientations_iPhone = "UIInterfaceOrientationPortrait UIInterfaceOrientationLandscapeLeft UIInterfaceOrientationLandscapeRight";
				LD_RUNPATH_SEARCH_PATHS = (
					"$(inherited)",
					"@executable_path/Frameworks",
				);
				MARKETING_VERSION = 1.0;
				PRODUCT_BUNDLE_IDENTIFIER = com.prototype.eatdevsleep.ModelViewViewModel;
				PRODUCT_NAME = "$(TARGET_NAME)";
				SWIFT_EMIT_LOC_STRINGS = YES;
				SWIFT_VERSION = 5.0;
				TARGETED_DEVICE_FAMILY = "1,2";
			};
			name = Debug;
		};
		D27E99832784E18A00EA530A /* Release */ = {
			isa = XCBuildConfiguration;
			buildSettings = {
				ASSETCATALOG_COMPILER_APPICON_NAME = AppIcon;
				ASSETCATALOG_COMPILER_GLOBAL_ACCENT_COLOR_NAME = AccentColor;
				CODE_SIGN_STYLE = Automatic;
				CURRENT_PROJECT_VERSION = 1;
				DEVELOPMENT_ASSET_PATHS = "\"ModelViewViewModel/Preview Content\"";
				DEVELOPMENT_TEAM = TW45J7L4K7;
				ENABLE_PREVIEWS = YES;
				GENERATE_INFOPLIST_FILE = YES;
				INFOPLIST_KEY_UIApplicationSceneManifest_Generation = YES;
				INFOPLIST_KEY_UIApplicationSupportsIndirectInputEvents = YES;
				INFOPLIST_KEY_UILaunchScreen_Generation = YES;
				INFOPLIST_KEY_UISupportedInterfaceOrientations_iPad = "UIInterfaceOrientationPortrait UIInterfaceOrientationPortraitUpsideDown UIInterfaceOrientationLandscapeLeft UIInterfaceOrientationLandscapeRight";
				INFOPLIST_KEY_UISupportedInterfaceOrientations_iPhone = "UIInterfaceOrientationPortrait UIInterfaceOrientationLandscapeLeft UIInterfaceOrientationLandscapeRight";
				LD_RUNPATH_SEARCH_PATHS = (
					"$(inherited)",
					"@executable_path/Frameworks",
				);
				MARKETING_VERSION = 1.0;
				PRODUCT_BUNDLE_IDENTIFIER = com.prototype.eatdevsleep.ModelViewViewModel;
				PRODUCT_NAME = "$(TARGET_NAME)";
				SWIFT_EMIT_LOC_STRINGS = YES;
				SWIFT_VERSION = 5.0;
				TARGETED_DEVICE_FAMILY = "1,2";
			};
			name = Release;
		};
		D27E99852784E18A00EA530A /* Debug */ = {
			isa = XCBuildConfiguration;
			buildSettings = {
				ALWAYS_EMBED_SWIFT_STANDARD_LIBRARIES = YES;
				BUNDLE_LOADER = "$(TEST_HOST)";
				CODE_SIGN_STYLE = Automatic;
				CURRENT_PROJECT_VERSION = 1;
				DEVELOPMENT_TEAM = TW45J7L4K7;
				GENERATE_INFOPLIST_FILE = YES;
				IPHONEOS_DEPLOYMENT_TARGET = 15.2;
				MARKETING_VERSION = 1.0;
				PRODUCT_BUNDLE_IDENTIFIER = com.prototype.eatdevsleep.ModelViewViewModelTests;
				PRODUCT_NAME = "$(TARGET_NAME)";
				SWIFT_EMIT_LOC_STRINGS = NO;
				SWIFT_VERSION = 5.0;
				TARGETED_DEVICE_FAMILY = "1,2";
				TEST_HOST = "$(BUILT_PRODUCTS_DIR)/ModelViewViewModel.app/ModelViewViewModel";
			};
			name = Debug;
		};
		D27E99862784E18A00EA530A /* Release */ = {
			isa = XCBuildConfiguration;
			buildSettings = {
				ALWAYS_EMBED_SWIFT_STANDARD_LIBRARIES = YES;
				BUNDLE_LOADER = "$(TEST_HOST)";
				CODE_SIGN_STYLE = Automatic;
				CURRENT_PROJECT_VERSION = 1;
				DEVELOPMENT_TEAM = TW45J7L4K7;
				GENERATE_INFOPLIST_FILE = YES;
				IPHONEOS_DEPLOYMENT_TARGET = 15.2;
				MARKETING_VERSION = 1.0;
				PRODUCT_BUNDLE_IDENTIFIER = com.prototype.eatdevsleep.ModelViewViewModelTests;
				PRODUCT_NAME = "$(TARGET_NAME)";
				SWIFT_EMIT_LOC_STRINGS = NO;
				SWIFT_VERSION = 5.0;
				TARGETED_DEVICE_FAMILY = "1,2";
				TEST_HOST = "$(BUILT_PRODUCTS_DIR)/ModelViewViewModel.app/ModelViewViewModel";
			};
			name = Release;
		};
		D27E99882784E18A00EA530A /* Debug */ = {
			isa = XCBuildConfiguration;
			buildSettings = {
				ALWAYS_EMBED_SWIFT_STANDARD_LIBRARIES = YES;
				CODE_SIGN_STYLE = Automatic;
				CURRENT_PROJECT_VERSION = 1;
				DEVELOPMENT_TEAM = TW45J7L4K7;
				GENERATE_INFOPLIST_FILE = YES;
				MARKETING_VERSION = 1.0;
				PRODUCT_BUNDLE_IDENTIFIER = com.prototype.eatdevsleep.ModelViewViewModelUITests;
				PRODUCT_NAME = "$(TARGET_NAME)";
				SWIFT_EMIT_LOC_STRINGS = NO;
				SWIFT_VERSION = 5.0;
				TARGETED_DEVICE_FAMILY = "1,2";
				TEST_TARGET_NAME = ModelViewViewModel;
			};
			name = Debug;
		};
		D27E99892784E18A00EA530A /* Release */ = {
			isa = XCBuildConfiguration;
			buildSettings = {
				ALWAYS_EMBED_SWIFT_STANDARD_LIBRARIES = YES;
				CODE_SIGN_STYLE = Automatic;
				CURRENT_PROJECT_VERSION = 1;
				DEVELOPMENT_TEAM = TW45J7L4K7;
				GENERATE_INFOPLIST_FILE = YES;
				MARKETING_VERSION = 1.0;
				PRODUCT_BUNDLE_IDENTIFIER = com.prototype.eatdevsleep.ModelViewViewModelUITests;
				PRODUCT_NAME = "$(TARGET_NAME)";
				SWIFT_EMIT_LOC_STRINGS = NO;
				SWIFT_VERSION = 5.0;
				TARGETED_DEVICE_FAMILY = "1,2";
				TEST_TARGET_NAME = ModelViewViewModel;
			};
			name = Release;
		};
/* End XCBuildConfiguration section */

/* Begin XCConfigurationList section */
		D27E99582784E18A00EA530A /* Build configuration list for PBXProject "ModelViewViewModel" */ = {
			isa = XCConfigurationList;
			buildConfigurations = (
				D27E997F2784E18A00EA530A /* Debug */,
				D27E99802784E18A00EA530A /* Release */,
			);
			defaultConfigurationIsVisible = 0;
			defaultConfigurationName = Release;
		};
		D27E99812784E18A00EA530A /* Build configuration list for PBXNativeTarget "ModelViewViewModel" */ = {
			isa = XCConfigurationList;
			buildConfigurations = (
				D27E99822784E18A00EA530A /* Debug */,
				D27E99832784E18A00EA530A /* Release */,
			);
			defaultConfigurationIsVisible = 0;
			defaultConfigurationName = Release;
		};
		D27E99842784E18A00EA530A /* Build configuration list for PBXNativeTarget "ModelViewViewModelTests" */ = {
			isa = XCConfigurationList;
			buildConfigurations = (
				D27E99852784E18A00EA530A /* Debug */,
				D27E99862784E18A00EA530A /* Release */,
			);
			defaultConfigurationIsVisible = 0;
			defaultConfigurationName = Release;
		};
		D27E99872784E18A00EA530A /* Build configuration list for PBXNativeTarget "ModelViewViewModelUITests" */ = {
			isa = XCConfigurationList;
			buildConfigurations = (
				D27E99882784E18A00EA530A /* Debug */,
				D27E99892784E18A00EA530A /* Release */,
			);
			defaultConfigurationIsVisible = 0;
			defaultConfigurationName = Release;
		};
/* End XCConfigurationList section */
	};
	rootObject = D27E99552784E18A00EA530A /* Project object */;
}
